{
	"name": "@axelspringer/mango-vue",
	"version": "0.0.8",
	"lockfileVersion": 1,
	"requires": true,
	"dependencies": {
		"@types/node": {
			"version": "8.5.7",
			"resolved": "https://registry.npmjs.org/@types/node/-/node-8.5.7.tgz",
			"integrity": "sha512-+1ZfzGIq8Y3EV7hPF7bs3i+Gi2mqYOiEGGRxGYPrn+hTYLMmzg+/5TkMkCHiRtLB38XSNvr/43aQ9+cUq4BbBg==",
			"dev": true
		},
		"graphql-tag": {
			"version": "2.6.1",
			"resolved": "https://registry.npmjs.org/graphql-tag/-/graphql-tag-2.6.1.tgz",
			"integrity": "sha1-R4jVCfbilgfZR/xHpAxOGPc200o=",
			"dev": true
		},
		"lodash.debounce": {
			"version": "4.0.8",
			"resolved": "https://registry.npmjs.org/lodash.debounce/-/lodash.debounce-4.0.8.tgz",
			"integrity": "sha1-gteb/zCmfEAF/9XiUVMArZyk168=",
			"dev": true
		},
		"lodash.omit": {
			"version": "4.5.0",
			"resolved": "https://registry.npmjs.org/lodash.omit/-/lodash.omit-4.5.0.tgz",
			"integrity": "sha1-brGa5aHuHdnfC5aeZs4Lf6MLXmA=",
			"dev": true
		},
		"lodash.throttle": {
			"version": "4.1.1",
			"resolved": "https://registry.npmjs.org/lodash.throttle/-/lodash.throttle-4.1.1.tgz",
			"integrity": "sha1-wj6RtxAkKscMN/HhzaknTMOb8vQ=",
			"dev": true
		},
		"reflect-metadata": {
			"version": "0.1.10",
			"resolved": "https://registry.npmjs.org/reflect-metadata/-/reflect-metadata-0.1.10.tgz",
			"integrity": "sha1-tPg3BEFqytiZiMmxVjXUfgO5NEo=",
			"dev": true
		},
		"vue": {
			"version": "2.5.13",
			"resolved": "https://registry.npmjs.org/vue/-/vue-2.5.13.tgz",
			"integrity": "sha512-3D+lY7HTkKbtswDM4BBHgqyq+qo8IAEE8lz8va1dz3LLmttjgo0FxairO4r1iN2OBqk8o1FyL4hvzzTFEdQSEw==",
			"dev": true
		},
		"vue-apollo": {
			"version": "3.0.0-alpha.3",
			"resolved": "https://registry.npmjs.org/vue-apollo/-/vue-apollo-3.0.0-alpha.3.tgz",
			"integrity": "sha512-jYpzPgFraJirykH44q9qCqhL0rukPXnH2lfbdw1uQR+R9/uOrwB6cy1qXyX8B0geb3XjZCY1KEPG8LJKe4JNBg==",
			"dev": true,
			"requires": {
				"lodash.debounce": "4.0.8",
				"lodash.omit": "4.5.0",
				"lodash.throttle": "4.1.1"
			}
		},
		"vue-class-component": {
			"version": "6.1.2",
			"resolved": "https://registry.npmjs.org/vue-class-component/-/vue-class-component-6.1.2.tgz",
			"integrity": "sha512-DF0PIhpBDiQdr+Rofd3HQ79N722hMVPQ8PDMt9vCD4Q7vCnOE3Dgn75ZuvRPYrNvkJtn26HWgwgR83XcJGmxGA==",
			"dev": true
		},
		"vue-functional-data-merge": {
			"version": "2.0.3",
			"resolved": "https://registry.npmjs.org/vue-functional-data-merge/-/vue-functional-data-merge-2.0.3.tgz",
			"integrity": "sha512-xclcH7PPYZioT2fCknfJh8bxZO5DRecPyHzUVujo8PTucIlE9AwaCLZEhlQS3ideMZAIONqaMN+eMROIX1Ycxw==",
			"dev": true
		},
		"vue-property-decorator": {
			"version": "6.0.0",
			"resolved": "https://registry.npmjs.org/vue-property-decorator/-/vue-property-decorator-6.0.0.tgz",
			"integrity": "sha1-u2UbKTVC4x2w0k829LAlDvCNhRU=",
			"dev": true,
			"requires": {
				"reflect-metadata": "0.1.10",
				"vue-class-component": "6.1.2"
			}
		},
		"vue-router": {
			"version": "3.0.1",
			"resolved": "https://registry.npmjs.org/vue-router/-/vue-router-3.0.1.tgz",
			"integrity": "sha512-vLLoY452L+JBpALMP5UHum9+7nzR9PeIBCghU9ZtJ1eWm6ieUI8Zb/DI3MYxH32bxkjzYV1LRjNv4qr8d+uX/w==",
			"dev": true
		}
	}
}
