{
	"name": "@axelspringer/mango-vue",
	"version": "0.0.8",
	"lockfileVersion": 1,
	"requires": true,
	"dependencies": {
		"@types/node": {
			"version": "8.5.9",
			"resolved": "https://registry.npmjs.org/@types/node/-/node-8.5.9.tgz",
			"integrity": "sha512-s+c3AjymyAccTI4hcgNFK4mToH8l+hyPDhu4LIkn71lRy56FLijGu00fyLgldjM/846Pmk9N4KFUs2P8GDs0pA==",
			"dev": true
		},
		"balanced-match": {
			"version": "1.0.0",
			"resolved": "https://registry.npmjs.org/balanced-match/-/balanced-match-1.0.0.tgz",
			"integrity": "sha1-ibTRmasr7kneFk6gK4nORi1xt2c=",
			"dev": true
		},
		"brace-expansion": {
			"version": "1.1.8",
			"resolved": "https://registry.npmjs.org/brace-expansion/-/brace-expansion-1.1.8.tgz",
			"integrity": "sha1-wHshHHyVLsH479Uad+8NHTmQopI=",
			"dev": true,
			"requires": {
				"balanced-match": "1.0.0",
				"concat-map": "0.0.1"
			}
		},
		"concat-map": {
			"version": "0.0.1",
			"resolved": "https://registry.npmjs.org/concat-map/-/concat-map-0.0.1.tgz",
			"integrity": "sha1-2Klr13/Wjfd5OnMDajug1UBdR3s=",
			"dev": true
		},
		"fs.realpath": {
			"version": "1.0.0",
			"resolved": "https://registry.npmjs.org/fs.realpath/-/fs.realpath-1.0.0.tgz",
			"integrity": "sha1-FQStJSMVjKpA20onh8sBQRmU6k8=",
			"dev": true
		},
		"glob": {
			"version": "7.1.2",
			"resolved": "https://registry.npmjs.org/glob/-/glob-7.1.2.tgz",
			"integrity": "sha512-MJTUg1kjuLeQCJ+ccE4Vpa6kKVXkPYJ2mOCQyUuKLcLQsdrMCpBPUi8qVE6+YuaJkozeA9NusTAw3hLr8Xe5EQ==",
			"dev": true,
			"requires": {
				"fs.realpath": "1.0.0",
				"inflight": "1.0.6",
				"inherits": "2.0.3",
				"minimatch": "3.0.4",
				"once": "1.4.0",
				"path-is-absolute": "1.0.1"
			}
		},
		"graphql-tag": {
			"version": "2.6.1",
			"resolved": "https://registry.npmjs.org/graphql-tag/-/graphql-tag-2.6.1.tgz",
			"integrity": "sha1-R4jVCfbilgfZR/xHpAxOGPc200o=",
			"dev": true
		},
		"inflight": {
			"version": "1.0.6",
			"resolved": "https://registry.npmjs.org/inflight/-/inflight-1.0.6.tgz",
			"integrity": "sha1-Sb1jMdfQLQwJvJEKEHW6gWW1bfk=",
			"dev": true,
			"requires": {
				"once": "1.4.0",
				"wrappy": "1.0.2"
			}
		},
		"inherits": {
			"version": "2.0.3",
			"resolved": "https://registry.npmjs.org/inherits/-/inherits-2.0.3.tgz",
			"integrity": "sha1-Yzwsg+PaQqUC9SRmAiSA9CCCYd4=",
			"dev": true
		},
		"lodash.debounce": {
			"version": "4.0.8",
			"resolved": "https://registry.npmjs.org/lodash.debounce/-/lodash.debounce-4.0.8.tgz",
			"integrity": "sha1-gteb/zCmfEAF/9XiUVMArZyk168=",
			"dev": true
		},
		"lodash.omit": {
			"version": "4.5.0",
			"resolved": "https://registry.npmjs.org/lodash.omit/-/lodash.omit-4.5.0.tgz",
			"integrity": "sha1-brGa5aHuHdnfC5aeZs4Lf6MLXmA=",
			"dev": true
		},
		"lodash.throttle": {
			"version": "4.1.1",
			"resolved": "https://registry.npmjs.org/lodash.throttle/-/lodash.throttle-4.1.1.tgz",
			"integrity": "sha1-wj6RtxAkKscMN/HhzaknTMOb8vQ=",
			"dev": true
		},
		"minimatch": {
			"version": "3.0.4",
			"resolved": "https://registry.npmjs.org/minimatch/-/minimatch-3.0.4.tgz",
			"integrity": "sha512-yJHVQEhyqPLUTgt9B83PXu6W3rx4MvvHvSUvToogpwoGDOUQ+yDrR0HRot+yOCdCO7u4hX3pWft6kWBBcqh0UA==",
			"dev": true,
			"requires": {
				"brace-expansion": "1.1.8"
			}
		},
		"once": {
			"version": "1.4.0",
			"resolved": "https://registry.npmjs.org/once/-/once-1.4.0.tgz",
			"integrity": "sha1-WDsap3WWHUsROsF9nFC6753Xa9E=",
			"dev": true,
			"requires": {
				"wrappy": "1.0.2"
			}
		},
		"path-is-absolute": {
			"version": "1.0.1",
			"resolved": "https://registry.npmjs.org/path-is-absolute/-/path-is-absolute-1.0.1.tgz",
			"integrity": "sha1-F0uSaHNVNP+8es5r9TpanhtcX18=",
			"dev": true
		},
		"reflect-metadata": {
			"version": "0.1.12",
			"resolved": "https://registry.npmjs.org/reflect-metadata/-/reflect-metadata-0.1.12.tgz",
			"integrity": "sha512-n+IyV+nGz3+0q3/Yf1ra12KpCyi001bi4XFxSjbiWWjfqb52iTTtpGXmCCAOWWIAn9KEuFZKGqBERHmrtScZ3A==",
			"dev": true
		},
		"rimraf": {
			"version": "2.6.2",
			"resolved": "https://registry.npmjs.org/rimraf/-/rimraf-2.6.2.tgz",
			"integrity": "sha512-lreewLK/BlghmxtfH36YYVg1i8IAce4TI7oao75I1g245+6BctqTVQiBP3YUJ9C6DQOXJmkYR9X9fCLtCOJc5w==",
			"dev": true,
			"requires": {
				"glob": "7.1.2"
			}
		},
		"typescript": {
			"version": "2.6.2",
			"resolved": "https://registry.npmjs.org/typescript/-/typescript-2.6.2.tgz",
			"integrity": "sha1-PFtv1/beCRQmkCfwPAlGdY92c6Q=",
			"dev": true
		},
		"vue": {
			"version": "2.5.13",
			"resolved": "https://registry.npmjs.org/vue/-/vue-2.5.13.tgz",
			"integrity": "sha512-3D+lY7HTkKbtswDM4BBHgqyq+qo8IAEE8lz8va1dz3LLmttjgo0FxairO4r1iN2OBqk8o1FyL4hvzzTFEdQSEw==",
			"dev": true
		},
		"vue-apollo": {
			"version": "3.0.0-alpha.3",
			"resolved": "https://registry.npmjs.org/vue-apollo/-/vue-apollo-3.0.0-alpha.3.tgz",
			"integrity": "sha512-jYpzPgFraJirykH44q9qCqhL0rukPXnH2lfbdw1uQR+R9/uOrwB6cy1qXyX8B0geb3XjZCY1KEPG8LJKe4JNBg==",
			"dev": true,
			"requires": {
				"lodash.debounce": "4.0.8",
				"lodash.omit": "4.5.0",
				"lodash.throttle": "4.1.1"
			}
		},
		"vue-class-component": {
			"version": "6.1.2",
			"resolved": "https://registry.npmjs.org/vue-class-component/-/vue-class-component-6.1.2.tgz",
			"integrity": "sha512-DF0PIhpBDiQdr+Rofd3HQ79N722hMVPQ8PDMt9vCD4Q7vCnOE3Dgn75ZuvRPYrNvkJtn26HWgwgR83XcJGmxGA==",
			"dev": true
		},
		"vue-functional-data-merge": {
			"version": "2.0.4",
			"resolved": "https://registry.npmjs.org/vue-functional-data-merge/-/vue-functional-data-merge-2.0.4.tgz",
			"integrity": "sha512-Q7OBltO35UEYnRxLcweulhi37/kYVfToqSrsdsbwM5os2DjRB1+k9YKtYcZEdjTUTC+QIqCMjqxggRn1mMoC1w==",
			"dev": true
		},
		"vue-property-decorator": {
			"version": "6.0.0",
			"resolved": "https://registry.npmjs.org/vue-property-decorator/-/vue-property-decorator-6.0.0.tgz",
			"integrity": "sha1-u2UbKTVC4x2w0k829LAlDvCNhRU=",
			"dev": true,
			"requires": {
				"reflect-metadata": "0.1.12",
				"vue-class-component": "6.1.2"
			}
		},
		"vue-router": {
			"version": "3.0.1",
			"resolved": "https://registry.npmjs.org/vue-router/-/vue-router-3.0.1.tgz",
			"integrity": "sha512-vLLoY452L+JBpALMP5UHum9+7nzR9PeIBCghU9ZtJ1eWm6ieUI8Zb/DI3MYxH32bxkjzYV1LRjNv4qr8d+uX/w==",
			"dev": true
		},
		"wrappy": {
			"version": "1.0.2",
			"resolved": "https://registry.npmjs.org/wrappy/-/wrappy-1.0.2.tgz",
			"integrity": "sha1-tSQ9jz7BqjXxNkYFvA0QNuMKtp8=",
			"dev": true
		}
	}
}
